// !$*UTF8*$!
{
	archiveVersion = 1;
	classes = {
	};
	objectVersion = 77;
	objects = {

/* Begin PBXBuildFile section */
		2467A3A02C13716763DFBAD1 /* Pods_weatherSearcherTests.framework in Frameworks */ = {isa = PBXBuildFile; fileRef = 5B7651667D6C6B7ADF30F534 /* Pods_weatherSearcherTests.framework */; };
		25C0948347ECA23C06F4C26E /* Pods_weatherSearcher.framework in Frameworks */ = {isa = PBXBuildFile; fileRef = E252E0FCEB3B1994024C8FDD /* Pods_weatherSearcher.framework */; };
		B82A727D36C1C049843EA0FC /* Pods_weatherSearcher_weatherSearcherUITests.framework in Frameworks */ = {isa = PBXBuildFile; fileRef = 472769257F2005EC78ECEDE2 /* Pods_weatherSearcher_weatherSearcherUITests.framework */; };
/* End PBXBuildFile section */

/* Begin PBXContainerItemProxy section */
		346CF6752DE5580E00C6F203 /* PBXContainerItemProxy */ = {
			isa = PBXContainerItemProxy;
			containerPortal = 346CF6512DE5580C00C6F203 /* Project object */;
			proxyType = 1;
			remoteGlobalIDString = 346CF6582DE5580C00C6F203;
			remoteInfo = weatherSearcher;
		};
		346CF67F2DE5580E00C6F203 /* PBXContainerItemProxy */ = {
			isa = PBXContainerItemProxy;
			containerPortal = 346CF6512DE5580C00C6F203 /* Project object */;
			proxyType = 1;
			remoteGlobalIDString = 346CF6582DE5580C00C6F203;
			remoteInfo = weatherSearcher;
		};
/* End PBXContainerItemProxy section */

/* Begin PBXFileReference section */
		346CF6592DE5580C00C6F203 /* weatherSearcher.app */ = {isa = PBXFileReference; explicitFileType = wrapper.application; includeInIndex = 0; path = weatherSearcher.app; sourceTree = BUILT_PRODUCTS_DIR; };
		346CF6742DE5580E00C6F203 /* weatherSearcherTests.xctest */ = {isa = PBXFileReference; explicitFileType = wrapper.cfbundle; includeInIndex = 0; path = weatherSearcherTests.xctest; sourceTree = BUILT_PRODUCTS_DIR; };
		346CF67E2DE5580E00C6F203 /* weatherSearcherUITests.xctest */ = {isa = PBXFileReference; explicitFileType = wrapper.cfbundle; includeInIndex = 0; path = weatherSearcherUITests.xctest; sourceTree = BUILT_PRODUCTS_DIR; };
		472769257F2005EC78ECEDE2 /* Pods_weatherSearcher_weatherSearcherUITests.framework */ = {isa = PBXFileReference; explicitFileType = wrapper.framework; includeInIndex = 0; path = Pods_weatherSearcher_weatherSearcherUITests.framework; sourceTree = BUILT_PRODUCTS_DIR; };
		5B7651667D6C6B7ADF30F534 /* Pods_weatherSearcherTests.framework */ = {isa = PBXFileReference; explicitFileType = wrapper.framework; includeInIndex = 0; path = Pods_weatherSearcherTests.framework; sourceTree = BUILT_PRODUCTS_DIR; };
		74B5946F309586B40E4589B0 /* Pods-weatherSearcher-weatherSearcherUITests.debug.xcconfig */ = {isa = PBXFileReference; includeInIndex = 1; lastKnownFileType = text.xcconfig; name = "Pods-weatherSearcher-weatherSearcherUITests.debug.xcconfig"; path = "Target Support Files/Pods-weatherSearcher-weatherSearcherUITests/Pods-weatherSearcher-weatherSearcherUITests.debug.xcconfig"; sourceTree = "<group>"; };
		A72F86C394B94706D31ABF34 /* Pods-weatherSearcherTests.release.xcconfig */ = {isa = PBXFileReference; includeInIndex = 1; lastKnownFileType = text.xcconfig; name = "Pods-weatherSearcherTests.release.xcconfig"; path = "Target Support Files/Pods-weatherSearcherTests/Pods-weatherSearcherTests.release.xcconfig"; sourceTree = "<group>"; };
		C48E60B3A313D7DDB5FB1B02 /* Pods-weatherSearcher-weatherSearcherUITests.release.xcconfig */ = {isa = PBXFileReference; includeInIndex = 1; lastKnownFileType = text.xcconfig; name = "Pods-weatherSearcher-weatherSearcherUITests.release.xcconfig"; path = "Target Support Files/Pods-weatherSearcher-weatherSearcherUITests/Pods-weatherSearcher-weatherSearcherUITests.release.xcconfig"; sourceTree = "<group>"; };
		CD9A3FD7F3E02E0534ABA202 /* Pods-weatherSearcherTests.debug.xcconfig */ = {isa = PBXFileReference; includeInIndex = 1; lastKnownFileType = text.xcconfig; name = "Pods-weatherSearcherTests.debug.xcconfig"; path = "Target Support Files/Pods-weatherSearcherTests/Pods-weatherSearcherTests.debug.xcconfig"; sourceTree = "<group>"; };
		DFE6EAE92A9C4A21C169790D /* Pods-weatherSearcher.release.xcconfig */ = {isa = PBXFileReference; includeInIndex = 1; lastKnownFileType = text.xcconfig; name = "Pods-weatherSearcher.release.xcconfig"; path = "Target Support Files/Pods-weatherSearcher/Pods-weatherSearcher.release.xcconfig"; sourceTree = "<group>"; };
		E1F4D3AE12E6B7EEBBDE0DFE /* Pods-weatherSearcher.debug.xcconfig */ = {isa = PBXFileReference; includeInIndex = 1; lastKnownFileType = text.xcconfig; name = "Pods-weatherSearcher.debug.xcconfig"; path = "Target Support Files/Pods-weatherSearcher/Pods-weatherSearcher.debug.xcconfig"; sourceTree = "<group>"; };
		E252E0FCEB3B1994024C8FDD /* Pods_weatherSearcher.framework */ = {isa = PBXFileReference; explicitFileType = wrapper.framework; includeInIndex = 0; path = Pods_weatherSearcher.framework; sourceTree = BUILT_PRODUCTS_DIR; };
/* End PBXFileReference section */

/* Begin PBXFileSystemSynchronizedBuildFileExceptionSet section */
		346CF6862DE5580E00C6F203 /* Exceptions for "weatherSearcher" folder in "weatherSearcher" target */ = {
			isa = PBXFileSystemSynchronizedBuildFileExceptionSet;
			membershipExceptions = (
				Info.plist,
			);
			target = 346CF6582DE5580C00C6F203 /* weatherSearcher */;
		};
/* End PBXFileSystemSynchronizedBuildFileExceptionSet section */

/* Begin PBXFileSystemSynchronizedRootGroup section */
		346CF65B2DE5580C00C6F203 /* weatherSearcher */ = {
			isa = PBXFileSystemSynchronizedRootGroup;
			exceptions = (
				346CF6862DE5580E00C6F203 /* Exceptions for "weatherSearcher" folder in "weatherSearcher" target */,
			);
			path = weatherSearcher;
			sourceTree = "<group>";
		};
		346CF6772DE5580E00C6F203 /* weatherSearcherTests */ = {
			isa = PBXFileSystemSynchronizedRootGroup;
			path = weatherSearcherTests;
			sourceTree = "<group>";
		};
		346CF6812DE5580E00C6F203 /* weatherSearcherUITests */ = {
			isa = PBXFileSystemSynchronizedRootGroup;
			path = weatherSearcherUITests;
			sourceTree = "<group>";
		};
/* End PBXFileSystemSynchronizedRootGroup section */

/* Begin PBXFrameworksBuildPhase section */
		346CF6562DE5580C00C6F203 /* Frameworks */ = {
			isa = PBXFrameworksBuildPhase;
			buildActionMask = 2147483647;
			files = (
				25C0948347ECA23C06F4C26E /* Pods_weatherSearcher.framework in Frameworks */,
			);
			runOnlyForDeploymentPostprocessing = 0;
		};
		346CF6712DE5580E00C6F203 /* Frameworks */ = {
			isa = PBXFrameworksBuildPhase;
			buildActionMask = 2147483647;
			files = (
				2467A3A02C13716763DFBAD1 /* Pods_weatherSearcherTests.framework in Frameworks */,
			);
			runOnlyForDeploymentPostprocessing = 0;
		};
		346CF67B2DE5580E00C6F203 /* Frameworks */ = {
			isa = PBXFrameworksBuildPhase;
			buildActionMask = 2147483647;
			files = (
				B82A727D36C1C049843EA0FC /* Pods_weatherSearcher_weatherSearcherUITests.framework in Frameworks */,
			);
			runOnlyForDeploymentPostprocessing = 0;
		};
/* End PBXFrameworksBuildPhase section */

/* Begin PBXGroup section */
		346CF6502DE5580C00C6F203 = {
			isa = PBXGroup;
			children = (
				346CF65B2DE5580C00C6F203 /* weatherSearcher */,
				346CF6772DE5580E00C6F203 /* weatherSearcherTests */,
				346CF6812DE5580E00C6F203 /* weatherSearcherUITests */,
				346CF65A2DE5580C00C6F203 /* Products */,
				487E620C30A5C61DB9CBA19E /* Pods */,
				C9D7707A026F33C1DFAE0311 /* Frameworks */,
			);
			sourceTree = "<group>";
		};
		346CF65A2DE5580C00C6F203 /* Products */ = {
			isa = PBXGroup;
			children = (
				346CF6592DE5580C00C6F203 /* weatherSearcher.app */,
				346CF6742DE5580E00C6F203 /* weatherSearcherTests.xctest */,
				346CF67E2DE5580E00C6F203 /* weatherSearcherUITests.xctest */,
			);
			name = Products;
			sourceTree = "<group>";
		};
		487E620C30A5C61DB9CBA19E /* Pods */ = {
			isa = PBXGroup;
			children = (
				E1F4D3AE12E6B7EEBBDE0DFE /* Pods-weatherSearcher.debug.xcconfig */,
				DFE6EAE92A9C4A21C169790D /* Pods-weatherSearcher.release.xcconfig */,
				74B5946F309586B40E4589B0 /* Pods-weatherSearcher-weatherSearcherUITests.debug.xcconfig */,
				C48E60B3A313D7DDB5FB1B02 /* Pods-weatherSearcher-weatherSearcherUITests.release.xcconfig */,
				CD9A3FD7F3E02E0534ABA202 /* Pods-weatherSearcherTests.debug.xcconfig */,
				A72F86C394B94706D31ABF34 /* Pods-weatherSearcherTests.release.xcconfig */,
			);
			path = Pods;
			sourceTree = "<group>";
		};
		C9D7707A026F33C1DFAE0311 /* Frameworks */ = {
			isa = PBXGroup;
			children = (
				E252E0FCEB3B1994024C8FDD /* Pods_weatherSearcher.framework */,
				472769257F2005EC78ECEDE2 /* Pods_weatherSearcher_weatherSearcherUITests.framework */,
				5B7651667D6C6B7ADF30F534 /* Pods_weatherSearcherTests.framework */,
			);
			name = Frameworks;
			sourceTree = "<group>";
		};
/* End PBXGroup section */

/* Begin PBXNativeTarget section */
		346CF6582DE5580C00C6F203 /* weatherSearcher */ = {
			isa = PBXNativeTarget;
			buildConfigurationList = 346CF6872DE5580E00C6F203 /* Build configuration list for PBXNativeTarget "weatherSearcher" */;
			buildPhases = (
				608E36B935D543D8900FFCF9 /* [CP] Check Pods Manifest.lock */,
				346CF6552DE5580C00C6F203 /* Sources */,
				346CF6562DE5580C00C6F203 /* Frameworks */,
				346CF6572DE5580C00C6F203 /* Resources */,
				3F5B5B1C72CC9A33AE582288 /* [CP] Embed Pods Frameworks */,
			);
			buildRules = (
			);
			dependencies = (
			);
			fileSystemSynchronizedGroups = (
				346CF65B2DE5580C00C6F203 /* weatherSearcher */,
			);
			name = weatherSearcher;
			productName = weatherSearcher;
			productReference = 346CF6592DE5580C00C6F203 /* weatherSearcher.app */;
			productType = "com.apple.product-type.application";
		};
		346CF6732DE5580E00C6F203 /* weatherSearcherTests */ = {
			isa = PBXNativeTarget;
			buildConfigurationList = 346CF68C2DE5580E00C6F203 /* Build configuration list for PBXNativeTarget "weatherSearcherTests" */;
			buildPhases = (
				A76EF9E5A023D3AC02C2A240 /* [CP] Check Pods Manifest.lock */,
				346CF6702DE5580E00C6F203 /* Sources */,
				346CF6712DE5580E00C6F203 /* Frameworks */,
				346CF6722DE5580E00C6F203 /* Resources */,
			);
			buildRules = (
			);
			dependencies = (
				346CF6762DE5580E00C6F203 /* PBXTargetDependency */,
			);
			fileSystemSynchronizedGroups = (
				346CF6772DE5580E00C6F203 /* weatherSearcherTests */,
			);
			name = weatherSearcherTests;
			productName = weatherSearcherTests;
			productReference = 346CF6742DE5580E00C6F203 /* weatherSearcherTests.xctest */;
			productType = "com.apple.product-type.bundle.unit-test";
		};
		346CF67D2DE5580E00C6F203 /* weatherSearcherUITests */ = {
			isa = PBXNativeTarget;
			buildConfigurationList = 346CF68F2DE5580E00C6F203 /* Build configuration list for PBXNativeTarget "weatherSearcherUITests" */;
			buildPhases = (
				AEEE4765A65329D3392B3A12 /* [CP] Check Pods Manifest.lock */,
				346CF67A2DE5580E00C6F203 /* Sources */,
				346CF67B2DE5580E00C6F203 /* Frameworks */,
				346CF67C2DE5580E00C6F203 /* Resources */,
				68A7930C4B4C0EAA4DCB6A7E /* [CP] Embed Pods Frameworks */,
			);
			buildRules = (
			);
			dependencies = (
				346CF6802DE5580E00C6F203 /* PBXTargetDependency */,
			);
			fileSystemSynchronizedGroups = (
				346CF6812DE5580E00C6F203 /* weatherSearcherUITests */,
			);
			name = weatherSearcherUITests;
			productName = weatherSearcherUITests;
			productReference = 346CF67E2DE5580E00C6F203 /* weatherSearcherUITests.xctest */;
			productType = "com.apple.product-type.bundle.ui-testing";
		};
/* End PBXNativeTarget section */

/* Begin PBXProject section */
		346CF6512DE5580C00C6F203 /* Project object */ = {
			isa = PBXProject;
			attributes = {
				BuildIndependentTargetsInParallel = 1;
				LastUpgradeCheck = 1630;
				TargetAttributes = {
					346CF6582DE5580C00C6F203 = {
						CreatedOnToolsVersion = 16.3;
					};
					346CF6732DE5580E00C6F203 = {
						CreatedOnToolsVersion = 16.3;
						TestTargetID = 346CF6582DE5580C00C6F203;
					};
					346CF67D2DE5580E00C6F203 = {
						CreatedOnToolsVersion = 16.3;
						TestTargetID = 346CF6582DE5580C00C6F203;
					};
				};
			};
			buildConfigurationList = 346CF6542DE5580C00C6F203 /* Build configuration list for PBXProject "weatherSearcher" */;
			developmentRegion = en;
			hasScannedForEncodings = 0;
			knownRegions = (
				en,
				Base,
			);
			mainGroup = 346CF6502DE5580C00C6F203;
			minimizedProjectReferenceProxies = 1;
			preferredProjectObjectVersion = 77;
			productRefGroup = 346CF65A2DE5580C00C6F203 /* Products */;
			projectDirPath = "";
			projectRoot = "";
			targets = (
				346CF6582DE5580C00C6F203 /* weatherSearcher */,
				346CF6732DE5580E00C6F203 /* weatherSearcherTests */,
				346CF67D2DE5580E00C6F203 /* weatherSearcherUITests */,
			);
		};
/* End PBXProject section */

/* Begin PBXResourcesBuildPhase section */
		346CF6572DE5580C00C6F203 /* Resources */ = {
			isa = PBXResourcesBuildPhase;
			buildActionMask = 2147483647;
			files = (
			);
			runOnlyForDeploymentPostprocessing = 0;
		};
		346CF6722DE5580E00C6F203 /* Resources */ = {
			isa = PBXResourcesBuildPhase;
			buildActionMask = 2147483647;
			files = (
			);
			runOnlyForDeploymentPostprocessing = 0;
		};
		346CF67C2DE5580E00C6F203 /* Resources */ = {
			isa = PBXResourcesBuildPhase;
			buildActionMask = 2147483647;
			files = (
			);
			runOnlyForDeploymentPostprocessing = 0;
		};
/* End PBXResourcesBuildPhase section */

/* Begin PBXShellScriptBuildPhase section */
		3F5B5B1C72CC9A33AE582288 /* [CP] Embed Pods Frameworks */ = {
			isa = PBXShellScriptBuildPhase;
			buildActionMask = 2147483647;
			files = (
			);
			inputFileListPaths = (
				"${PODS_ROOT}/Target Support Files/Pods-weatherSearcher/Pods-weatherSearcher-frameworks-${CONFIGURATION}-input-files.xcfilelist",
			);
			inputPaths = (
			);
			name = "[CP] Embed Pods Frameworks";
			outputFileListPaths = (
				"${PODS_ROOT}/Target Support Files/Pods-weatherSearcher/Pods-weatherSearcher-frameworks-${CONFIGURATION}-output-files.xcfilelist",
			);
			outputPaths = (
			);
			runOnlyForDeploymentPostprocessing = 0;
			shellPath = /bin/sh;
			shellScript = "\"${PODS_ROOT}/Target Support Files/Pods-weatherSearcher/Pods-weatherSearcher-frameworks.sh\"\n";
			showEnvVarsInLog = 0;
		};
		608E36B935D543D8900FFCF9 /* [CP] Check Pods Manifest.lock */ = {
			isa = PBXShellScriptBuildPhase;
			buildActionMask = 2147483647;
			files = (
			);
			inputFileListPaths = (
			);
			inputPaths = (
				"${PODS_PODFILE_DIR_PATH}/Podfile.lock",
				"${PODS_ROOT}/Manifest.lock",
			);
			name = "[CP] Check Pods Manifest.lock";
			outputFileListPaths = (
			);
			outputPaths = (
				"$(DERIVED_FILE_DIR)/Pods-weatherSearcher-checkManifestLockResult.txt",
			);
			runOnlyForDeploymentPostprocessing = 0;
			shellPath = /bin/sh;
			shellScript = "diff \"${PODS_PODFILE_DIR_PATH}/Podfile.lock\" \"${PODS_ROOT}/Manifest.lock\" > /dev/null\nif [ $? != 0 ] ; then\n    # print error to STDERR\n    echo \"error: The sandbox is not in sync with the Podfile.lock. Run 'pod install' or update your CocoaPods installation.\" >&2\n    exit 1\nfi\n# This output is used by Xcode 'outputs' to avoid re-running this script phase.\necho \"SUCCESS\" > \"${SCRIPT_OUTPUT_FILE_0}\"\n";
			showEnvVarsInLog = 0;
		};
		68A7930C4B4C0EAA4DCB6A7E /* [CP] Embed Pods Frameworks */ = {
			isa = PBXShellScriptBuildPhase;
			buildActionMask = 2147483647;
			files = (
			);
			inputFileListPaths = (
				"${PODS_ROOT}/Target Support Files/Pods-weatherSearcher-weatherSearcherUITests/Pods-weatherSearcher-weatherSearcherUITests-frameworks-${CONFIGURATION}-input-files.xcfilelist",
			);
			inputPaths = (
			);
			name = "[CP] Embed Pods Frameworks";
			outputFileListPaths = (
				"${PODS_ROOT}/Target Support Files/Pods-weatherSearcher-weatherSearcherUITests/Pods-weatherSearcher-weatherSearcherUITests-frameworks-${CONFIGURATION}-output-files.xcfilelist",
			);
			outputPaths = (
			);
			runOnlyForDeploymentPostprocessing = 0;
			shellPath = /bin/sh;
			shellScript = "\"${PODS_ROOT}/Target Support Files/Pods-weatherSearcher-weatherSearcherUITests/Pods-weatherSearcher-weatherSearcherUITests-frameworks.sh\"\n";
			showEnvVarsInLog = 0;
		};
		A76EF9E5A023D3AC02C2A240 /* [CP] Check Pods Manifest.lock */ = {
			isa = PBXShellScriptBuildPhase;
			buildActionMask = 2147483647;
			files = (
			);
			inputFileListPaths = (
			);
			inputPaths = (
				"${PODS_PODFILE_DIR_PATH}/Podfile.lock",
				"${PODS_ROOT}/Manifest.lock",
			);
			name = "[CP] Check Pods Manifest.lock";
			outputFileListPaths = (
			);
			outputPaths = (
				"$(DERIVED_FILE_DIR)/Pods-weatherSearcherTests-checkManifestLockResult.txt",
			);
			runOnlyForDeploymentPostprocessing = 0;
			shellPath = /bin/sh;
			shellScript = "diff \"${PODS_PODFILE_DIR_PATH}/Podfile.lock\" \"${PODS_ROOT}/Manifest.lock\" > /dev/null\nif [ $? != 0 ] ; then\n    # print error to STDERR\n    echo \"error: The sandbox is not in sync with the Podfile.lock. Run 'pod install' or update your CocoaPods installation.\" >&2\n    exit 1\nfi\n# This output is used by Xcode 'outputs' to avoid re-running this script phase.\necho \"SUCCESS\" > \"${SCRIPT_OUTPUT_FILE_0}\"\n";
			showEnvVarsInLog = 0;
		};
		AEEE4765A65329D3392B3A12 /* [CP] Check Pods Manifest.lock */ = {
			isa = PBXShellScriptBuildPhase;
			buildActionMask = 2147483647;
			files = (
			);
			inputFileListPaths = (
			);
			inputPaths = (
				"${PODS_PODFILE_DIR_PATH}/Podfile.lock",
				"${PODS_ROOT}/Manifest.lock",
			);
			name = "[CP] Check Pods Manifest.lock";
			outputFileListPaths = (
			);
			outputPaths = (
				"$(DERIVED_FILE_DIR)/Pods-weatherSearcher-weatherSearcherUITests-checkManifestLockResult.txt",
			);
			runOnlyForDeploymentPostprocessing = 0;
			shellPath = /bin/sh;
			shellScript = "diff \"${PODS_PODFILE_DIR_PATH}/Podfile.lock\" \"${PODS_ROOT}/Manifest.lock\" > /dev/null\nif [ $? != 0 ] ; then\n    # print error to STDERR\n    echo \"error: The sandbox is not in sync with the Podfile.lock. Run 'pod install' or update your CocoaPods installation.\" >&2\n    exit 1\nfi\n# This output is used by Xcode 'outputs' to avoid re-running this script phase.\necho \"SUCCESS\" > \"${SCRIPT_OUTPUT_FILE_0}\"\n";
			showEnvVarsInLog = 0;
		};
/* End PBXShellScriptBuildPhase section */

/* Begin PBXSourcesBuildPhase section */
		346CF6552DE5580C00C6F203 /* Sources */ = {
			isa = PBXSourcesBuildPhase;
			buildActionMask = 2147483647;
			files = (
			);
			runOnlyForDeploymentPostprocessing = 0;
		};
		346CF6702DE5580E00C6F203 /* Sources */ = {
			isa = PBXSourcesBuildPhase;
			buildActionMask = 2147483647;
			files = (
			);
			runOnlyForDeploymentPostprocessing = 0;
		};
		346CF67A2DE5580E00C6F203 /* Sources */ = {
			isa = PBXSourcesBuildPhase;
			buildActionMask = 2147483647;
			files = (
			);
			runOnlyForDeploymentPostprocessing = 0;
		};
/* End PBXSourcesBuildPhase section */

/* Begin PBXTargetDependency section */
		346CF6762DE5580E00C6F203 /* PBXTargetDependency */ = {
			isa = PBXTargetDependency;
			target = 346CF6582DE5580C00C6F203 /* weatherSearcher */;
			targetProxy = 346CF6752DE5580E00C6F203 /* PBXContainerItemProxy */;
		};
		346CF6802DE5580E00C6F203 /* PBXTargetDependency */ = {
			isa = PBXTargetDependency;
			target = 346CF6582DE5580C00C6F203 /* weatherSearcher */;
			targetProxy = 346CF67F2DE5580E00C6F203 /* PBXContainerItemProxy */;
		};
/* End PBXTargetDependency section */

/* Begin XCBuildConfiguration section */
		346CF6882DE5580E00C6F203 /* Debug */ = {
			isa = XCBuildConfiguration;
			baseConfigurationReference = E1F4D3AE12E6B7EEBBDE0DFE /* Pods-weatherSearcher.debug.xcconfig */;
			buildSettings = {
				ASSETCATALOG_COMPILER_APPICON_NAME = AppIcon;
				ASSETCATALOG_COMPILER_GLOBAL_ACCENT_COLOR_NAME = AccentColor;
				CODE_SIGN_STYLE = Automatic;
				CURRENT_PROJECT_VERSION = 1;
				DEVELOPMENT_TEAM = RVJJ7NW374;
				GENERATE_INFOPLIST_FILE = YES;
				INFOPLIST_FILE = weatherSearcher/Info.plist;
				INFOPLIST_KEY_UIApplicationSupportsIndirectInputEvents = YES;
				INFOPLIST_KEY_UILaunchStoryboardName = LaunchScreen;
				INFOPLIST_KEY_UIMainStoryboardFile = Main;
				INFOPLIST_KEY_UISupportedInterfaceOrientations_iPad = "UIInterfaceOrientationPortrait UIInterfaceOrientationPortraitUpsideDown UIInterfaceOrientationLandscapeLeft UIInterfaceOrientationLandscapeRight";
				INFOPLIST_KEY_UISupportedInterfaceOrientations_iPhone = "UIInterfaceOrientationPortrait UIInterfaceOrientationLandscapeLeft UIInterfaceOrientationLandscapeRight";
				LD_RUNPATH_SEARCH_PATHS = (
					"$(inherited)",
					"@executable_path/Frameworks",
				);
				MARKETING_VERSION = 1.0;
				PRODUCT_BUNDLE_IDENTIFIER = com.ks.weatherSearcher;
				PRODUCT_NAME = "$(TARGET_NAME)";
				SWIFT_EMIT_LOC_STRINGS = YES;
				TARGETED_DEVICE_FAMILY = "1,2";
			};
			name = Debug;
		};
		346CF6892DE5580E00C6F203 /* Release */ = {
			isa = XCBuildConfiguration;
			baseConfigurationReference = DFE6EAE92A9C4A21C169790D /* Pods-weatherSearcher.release.xcconfig */;
			buildSettings = {
				ASSETCATALOG_COMPILER_APPICON_NAME = AppIcon;
				ASSETCATALOG_COMPILER_GLOBAL_ACCENT_COLOR_NAME = AccentColor;
				CODE_SIGN_STYLE = Automatic;
				CURRENT_PROJECT_VERSION = 1;
				DEVELOPMENT_TEAM = RVJJ7NW374;
				GENERATE_INFOPLIST_FILE = YES;
				INFOPLIST_FILE = weatherSearcher/Info.plist;
				INFOPLIST_KEY_UIApplicationSupportsIndirectInputEvents = YES;
				INFOPLIST_KEY_UILaunchStoryboardName = LaunchScreen;
				INFOPLIST_KEY_UIMainStoryboardFile = Main;
				INFOPLIST_KEY_UISupportedInterfaceOrientations_iPad = "UIInterfaceOrientationPortrait UIInterfaceOrientationPortraitUpsideDown UIInterfaceOrientationLandscapeLeft UIInterfaceOrientationLandscapeRight";
				INFOPLIST_KEY_UISupportedInterfaceOrientations_iPhone = "UIInterfaceOrientationPortrait UIInterfaceOrientationLandscapeLeft UIInterfaceOrientationLandscapeRight";
				LD_RUNPATH_SEARCH_PATHS = (
					"$(inherited)",
					"@executable_path/Frameworks",
				);
				MARKETING_VERSION = 1.0;
				PRODUCT_BUNDLE_IDENTIFIER = com.ks.weatherSearcher;
				PRODUCT_NAME = "$(TARGET_NAME)";
				SWIFT_EMIT_LOC_STRINGS = YES;
				TARGETED_DEVICE_FAMILY = "1,2";
			};
			name = Release;
		};
		346CF68A2DE5580E00C6F203 /* Debug */ = {
			isa = XCBuildConfiguration;
			buildSettings = {
				ALWAYS_SEARCH_USER_PATHS = NO;
				ASSETCATALOG_COMPILER_GENERATE_SWIFT_ASSET_SYMBOL_EXTENSIONS = YES;
				CLANG_ANALYZER_NONNULL = YES;
				CLANG_ANALYZER_NUMBER_OBJECT_CONVERSION = YES_AGGRESSIVE;
				CLANG_CXX_LANGUAGE_STANDARD = "gnu++20";
				CLANG_ENABLE_MODULES = YES;
				CLANG_ENABLE_OBJC_ARC = YES;
				CLANG_ENABLE_OBJC_WEAK = YES;
				CLANG_WARN_BLOCK_CAPTURE_AUTORELEASING = YES;
				CLANG_WARN_BOOL_CONVERSION = YES;
				CLANG_WARN_COMMA = YES;
				CLANG_WARN_CONSTANT_CONVERSION = YES;
				CLANG_WARN_DEPRECATED_OBJC_IMPLEMENTATIONS = YES;
				CLANG_WARN_DIRECT_OBJC_ISA_USAGE = YES_ERROR;
				CLANG_WARN_DOCUMENTATION_COMMENTS = YES;
				CLANG_WARN_EMPTY_BODY = YES;
				CLANG_WARN_ENUM_CONVERSION = YES;
				CLANG_WARN_INFINITE_RECURSION = YES;
				CLANG_WARN_INT_CONVERSION = YES;
				CLANG_WARN_NON_LITERAL_NULL_CONVERSION = YES;
				CLANG_WARN_OBJC_IMPLICIT_RETAIN_SELF = YES;
				CLANG_WARN_OBJC_LITERAL_CONVERSION = YES;
				CLANG_WARN_OBJC_ROOT_CLASS = YES_ERROR;
				CLANG_WARN_QUOTED_INCLUDE_IN_FRAMEWORK_HEADER = YES;
				CLANG_WARN_RANGE_LOOP_ANALYSIS = YES;
				CLANG_WARN_STRICT_PROTOTYPES = YES;
				CLANG_WARN_SUSPICIOUS_MOVE = YES;
				CLANG_WARN_UNGUARDED_AVAILABILITY = YES_AGGRESSIVE;
				CLANG_WARN_UNREACHABLE_CODE = YES;
				CLANG_WARN__DUPLICATE_METHOD_MATCH = YES;
				COPY_PHASE_STRIP = NO;
				DEBUG_INFORMATION_FORMAT = dwarf;
				DEVELOPMENT_TEAM = RVJJ7NW374;
				ENABLE_STRICT_OBJC_MSGSEND = YES;
				ENABLE_TESTABILITY = YES;
				ENABLE_USER_SCRIPT_SANDBOXING = NO;
				GCC_C_LANGUAGE_STANDARD = gnu17;
				GCC_DYNAMIC_NO_PIC = NO;
				GCC_NO_COMMON_BLOCKS = YES;
				GCC_OPTIMIZATION_LEVEL = 0;
				GCC_PREPROCESSOR_DEFINITIONS = (
					"DEBUG=1",
					"$(inherited)",
				);
				GCC_WARN_64_TO_32_BIT_CONVERSION = YES;
				GCC_WARN_ABOUT_RETURN_TYPE = YES_ERROR;
				GCC_WARN_UNDECLARED_SELECTOR = YES;
				GCC_WARN_UNINITIALIZED_AUTOS = YES_AGGRESSIVE;
				GCC_WARN_UNUSED_FUNCTION = YES;
				GCC_WARN_UNUSED_VARIABLE = YES;
				IPHONEOS_DEPLOYMENT_TARGET = 18.4;
				LOCALIZATION_PREFERS_STRING_CATALOGS = YES;
				MTL_ENABLE_DEBUG_INFO = INCLUDE_SOURCE;
				MTL_FAST_MATH = YES;
				ONLY_ACTIVE_ARCH = YES;
				SDKROOT = iphoneos;
			};
			name = Debug;
		};
		346CF68B2DE5580E00C6F203 /* Release */ = {
			isa = XCBuildConfiguration;
			buildSettings = {
				ALWAYS_SEARCH_USER_PATHS = NO;
				ASSETCATALOG_COMPILER_GENERATE_SWIFT_ASSET_SYMBOL_EXTENSIONS = YES;
				CLANG_ANALYZER_NONNULL = YES;
				CLANG_ANALYZER_NUMBER_OBJECT_CONVERSION = YES_AGGRESSIVE;
				CLANG_CXX_LANGUAGE_STANDARD = "gnu++20";
				CLANG_ENABLE_MODULES = YES;
				CLANG_ENABLE_OBJC_ARC = YES;
				CLANG_ENABLE_OBJC_WEAK = YES;
				CLANG_WARN_BLOCK_CAPTURE_AUTORELEASING = YES;
				CLANG_WARN_BOOL_CONVERSION = YES;
				CLANG_WARN_COMMA = YES;
				CLANG_WARN_CONSTANT_CONVERSION = YES;
				CLANG_WARN_DEPRECATED_OBJC_IMPLEMENTATIONS = YES;
				CLANG_WARN_DIRECT_OBJC_ISA_USAGE = YES_ERROR;
				CLANG_WARN_DOCUMENTATION_COMMENTS = YES;
				CLANG_WARN_EMPTY_BODY = YES;
				CLANG_WARN_ENUM_CONVERSION = YES;
				CLANG_WARN_INFINITE_RECURSION = YES;
				CLANG_WARN_INT_CONVERSION = YES;
				CLANG_WARN_NON_LITERAL_NULL_CONVERSION = YES;
				CLANG_WARN_OBJC_IMPLICIT_RETAIN_SELF = YES;
				CLANG_WARN_OBJC_LITERAL_CONVERSION = YES;
				CLANG_WARN_OBJC_ROOT_CLASS = YES_ERROR;
				CLANG_WARN_QUOTED_INCLUDE_IN_FRAMEWORK_HEADER = YES;
				CLANG_WARN_RANGE_LOOP_ANALYSIS = YES;
				CLANG_WARN_STRICT_PROTOTYPES = YES;
				CLANG_WARN_SUSPICIOUS_MOVE = YES;
				CLANG_WARN_UNGUARDED_AVAILABILITY = YES_AGGRESSIVE;
				CLANG_WARN_UNREACHABLE_CODE = YES;
				CLANG_WARN__DUPLICATE_METHOD_MATCH = YES;
				COPY_PHASE_STRIP = NO;
				DEBUG_INFORMATION_FORMAT = "dwarf-with-dsym";
				DEVELOPMENT_TEAM = RVJJ7NW374;
				ENABLE_NS_ASSERTIONS = NO;
				ENABLE_STRICT_OBJC_MSGSEND = YES;
				ENABLE_USER_SCRIPT_SANDBOXING = NO;
				GCC_C_LANGUAGE_STANDARD = gnu17;
				GCC_NO_COMMON_BLOCKS = YES;
				GCC_WARN_64_TO_32_BIT_CONVERSION = YES;
				GCC_WARN_ABOUT_RETURN_TYPE = YES_ERROR;
				GCC_WARN_UNDECLARED_SELECTOR = YES;
				GCC_WARN_UNINITIALIZED_AUTOS = YES_AGGRESSIVE;
				GCC_WARN_UNUSED_FUNCTION = YES;
				GCC_WARN_UNUSED_VARIABLE = YES;
				IPHONEOS_DEPLOYMENT_TARGET = 18.4;
				LOCALIZATION_PREFERS_STRING_CATALOGS = YES;
				MTL_ENABLE_DEBUG_INFO = NO;
				MTL_FAST_MATH = YES;
				SDKROOT = iphoneos;
				VALIDATE_PRODUCT = YES;
			};
			name = Release;
		};
		346CF68D2DE5580E00C6F203 /* Debug */ = {
			isa = XCBuildConfiguration;
			baseConfigurationReference = CD9A3FD7F3E02E0534ABA202 /* Pods-weatherSearcherTests.debug.xcconfig */;
			buildSettings = {
				BUNDLE_LOADER = "$(TEST_HOST)";
				CODE_SIGN_STYLE = Automatic;
				CURRENT_PROJECT_VERSION = 1;
				DEVELOPMENT_TEAM = RVJJ7NW374;
				GENERATE_INFOPLIST_FILE = YES;
				IPHONEOS_DEPLOYMENT_TARGET = 18.4;
				MARKETING_VERSION = 1.0;
				PRODUCT_BUNDLE_IDENTIFIER = com.ks.weatherSearcherTests;
				PRODUCT_NAME = "$(TARGET_NAME)";
				SWIFT_EMIT_LOC_STRINGS = NO;
				TARGETED_DEVICE_FAMILY = "1,2";
				TEST_HOST = "$(BUILT_PRODUCTS_DIR)/weatherSearcher.app/$(BUNDLE_EXECUTABLE_FOLDER_PATH)/weatherSearcher";
			};
			name = Debug;
		};
		346CF68E2DE5580E00C6F203 /* Release */ = {
			isa = XCBuildConfiguration;
			baseConfigurationReference = A72F86C394B94706D31ABF34 /* Pods-weatherSearcherTests.release.xcconfig */;
			buildSettings = {
				BUNDLE_LOADER = "$(TEST_HOST)";
				CODE_SIGN_STYLE = Automatic;
				CURRENT_PROJECT_VERSION = 1;
				DEVELOPMENT_TEAM = RVJJ7NW374;
				GENERATE_INFOPLIST_FILE = YES;
				IPHONEOS_DEPLOYMENT_TARGET = 18.4;
				MARKETING_VERSION = 1.0;
				PRODUCT_BUNDLE_IDENTIFIER = com.ks.weatherSearcherTests;
				PRODUCT_NAME = "$(TARGET_NAME)";
				SWIFT_EMIT_LOC_STRINGS = NO;
				TARGETED_DEVICE_FAMILY = "1,2";
				TEST_HOST = "$(BUILT_PRODUCTS_DIR)/weatherSearcher.app/$(BUNDLE_EXECUTABLE_FOLDER_PATH)/weatherSearcher";
			};
			name = Release;
		};
		346CF6902DE5580E00C6F203 /* Debug */ = {
			isa = XCBuildConfiguration;
			baseConfigurationReference = 74B5946F309586B40E4589B0 /* Pods-weatherSearcher-weatherSearcherUITests.debug.xcconfig */;
			buildSettings = {
				CODE_SIGN_STYLE = Automatic;
				CURRENT_PROJECT_VERSION = 1;
				DEVELOPMENT_TEAM = RVJJ7NW374;
				GENERATE_INFOPLIST_FILE = YES;
				MARKETING_VERSION = 1.0;
				PRODUCT_BUNDLE_IDENTIFIER = com.ks.weatherSearcherUITests;
				PRODUCT_NAME = "$(TARGET_NAME)";
				SWIFT_EMIT_LOC_STRINGS = NO;
				TARGETED_DEVICE_FAMILY = "1,2";
				TEST_TARGET_NAME = weatherSearcher;
			};
			name = Debug;
		};
		346CF6912DE5580E00C6F203 /* Release */ = {
			isa = XCBuildConfiguration;
			baseConfigurationReference = C48E60B3A313D7DDB5FB1B02 /* Pods-weatherSearcher-weatherSearcherUITests.release.xcconfig */;
			buildSettings = {
				CODE_SIGN_STYLE = Automatic;
				CURRENT_PROJECT_VERSION = 1;
				DEVELOPMENT_TEAM = RVJJ7NW374;
				GENERATE_INFOPLIST_FILE = YES;
				MARKETING_VERSION = 1.0;
				PRODUCT_BUNDLE_IDENTIFIER = com.ks.weatherSearcherUITests;
				PRODUCT_NAME = "$(TARGET_NAME)";
				SWIFT_EMIT_LOC_STRINGS = NO;
				TARGETED_DEVICE_FAMILY = "1,2";
				TEST_TARGET_NAME = weatherSearcher;
			};
			name = Release;
		};
/* End XCBuildConfiguration section */

/* Begin XCConfigurationList section */
		346CF6542DE5580C00C6F203 /* Build configuration list for PBXProject "weatherSearcher" */ = {
			isa = XCConfigurationList;
			buildConfigurations = (
				346CF68A2DE5580E00C6F203 /* Debug */,
				346CF68B2DE5580E00C6F203 /* Release */,
			);
			defaultConfigurationIsVisible = 0;
			defaultConfigurationName = Release;
		};
		346CF6872DE5580E00C6F203 /* Build configuration list for PBXNativeTarget "weatherSearcher" */ = {
			isa = XCConfigurationList;
			buildConfigurations = (
				346CF6882DE5580E00C6F203 /* Debug */,
				346CF6892DE5580E00C6F203 /* Release */,
			);
			defaultConfigurationIsVisible = 0;
			defaultConfigurationName = Release;
		};
		346CF68C2DE5580E00C6F203 /* Build configuration list for PBXNativeTarget "weatherSearcherTests" */ = {
			isa = XCConfigurationList;
			buildConfigurations = (
				346CF68D2DE5580E00C6F203 /* Debug */,
				346CF68E2DE5580E00C6F203 /* Release */,
			);
			defaultConfigurationIsVisible = 0;
			defaultConfigurationName = Release;
		};
		346CF68F2DE5580E00C6F203 /* Build configuration list for PBXNativeTarget "weatherSearcherUITests" */ = {
			isa = XCConfigurationList;
			buildConfigurations = (
				346CF6902DE5580E00C6F203 /* Debug */,
				346CF6912DE5580E00C6F203 /* Release */,
			);
			defaultConfigurationIsVisible = 0;
			defaultConfigurationName = Release;
		};
/* End XCConfigurationList section */
	};
	rootObject = 346CF6512DE5580C00C6F203 /* Project object */;
}
